Microsoft Visual Studio Solution File, Format Version 12.00
# Visual Studio Version 17
VisualStudioVersion = 17.5.2.0
MinimumVisualStudioVersion = 10.0.40219.1
Project("{FAE04EC0-301F-11D3-BF4B-00C04F79EFBC}") = "QuanLyKhoHang", "QuanLyKhoHang\QuanLyKhoHang.csproj", "{0D90AC8E-FA5E-C9AD-DCFB-581E59128E08}"
EndProject
Global
	GlobalSection(SolutionConfigurationPlatforms) = preSolution
		Debug|Any CPU = Debug|Any CPU
		Release|Any CPU = Release|Any CPU
	EndGlobalSection
	GlobalSection(ProjectConfigurationPlatforms) = postSolution
		{0D90AC8E-FA5E-C9AD-DCFB-581E59128E08}.Debug|Any CPU.ActiveCfg = Debug|Any CPU
		{0D90AC8E-FA5E-C9AD-DCFB-581E59128E08}.Debug|Any CPU.Build.0 = Debug|Any CPU
		{0D90AC8E-FA5E-C9AD-DCFB-581E59128E08}.Release|Any CPU.ActiveCfg = Release|Any CPU
		{0D90AC8E-FA5E-C9AD-DCFB-581E59128E08}.Release|Any CPU.Build.0 = Release|Any CPU
	EndGlobalSection
	GlobalSection(SolutionProperties) = preSolution
		HideSolutionNode = FALSE
	EndGlobalSection
	GlobalSection(ExtensibilityGlobals) = postSolution
		SolutionGuid = {BC48EF1D-2F79-4E40-9733-774D4D57DF3A}
	EndGlobalSection
EndGlobal
